// !$*UTF8*$!
{
	archiveVersion = 1;
	classes = {
	};
	objectVersion = 46;
	objects = {

/* Begin PBXBuildFile section */
		6B1550F61BF5EF9E00CF50FB /* OTUserManager.swift in Sources */ = {isa = PBXBuildFile; fileRef = 6B1550F51BF5EF9E00CF50FB /* OTUserManager.swift */; };
		6B1550F81BF5F1B700CF50FB /* OTUser.swift in Sources */ = {isa = PBXBuildFile; fileRef = 6B1550F71BF5F1B700CF50FB /* OTUser.swift */; };
		6B1DE6E11BE65FF1000ED18F /* OTMakeObservationViewController.swift in Sources */ = {isa = PBXBuildFile; fileRef = 6B1DE6E01BE65FF1000ED18F /* OTMakeObservationViewController.swift */; };
		6B1DE6E61BE66018000ED18F /* OTSignUpViewController.swift in Sources */ = {isa = PBXBuildFile; fileRef = 6B1DE6E51BE66018000ED18F /* OTSignUpViewController.swift */; };
		6BA90A541BE68D0F001D8125 /* OTMakeObservationFormTableViewController.swift in Sources */ = {isa = PBXBuildFile; fileRef = 6BA90A531BE68D0F001D8125 /* OTMakeObservationFormTableViewController.swift */; };
		6BD85CA51BE5477800C26C9F /* MapKit.framework in Frameworks */ = {isa = PBXBuildFile; fileRef = 6BD85CA41BE5477800C26C9F /* MapKit.framework */; };
		6BD85CAB1BE54BDB00C26C9F /* OTViewObservationViewController.swift in Sources */ = {isa = PBXBuildFile; fileRef = 6BD85CAA1BE54BDB00C26C9F /* OTViewObservationViewController.swift */; };
		6BD85CAD1BE54BF400C26C9F /* OTViewObservationsTableViewController.swift in Sources */ = {isa = PBXBuildFile; fileRef = 6BD85CAC1BE54BF400C26C9F /* OTViewObservationsTableViewController.swift */; };
		6BD85CAF1BE54C0700C26C9F /* OTViewObservationMapViewController.swift in Sources */ = {isa = PBXBuildFile; fileRef = 6BD85CAE1BE54C0700C26C9F /* OTViewObservationMapViewController.swift */; };
		6BD85CB11BE54C3800C26C9F /* OTRefineSearchViewController.swift in Sources */ = {isa = PBXBuildFile; fileRef = 6BD85CB01BE54C3800C26C9F /* OTRefineSearchViewController.swift */; };
		6BF1E3031BE53CC600FA5D15 /* AppDelegate.swift in Sources */ = {isa = PBXBuildFile; fileRef = 6BF1E3021BE53CC600FA5D15 /* AppDelegate.swift */; };
		6BF1E3081BE53CC600FA5D15 /* Main.storyboard in Resources */ = {isa = PBXBuildFile; fileRef = 6BF1E3061BE53CC600FA5D15 /* Main.storyboard */; };
		6BF1E30D1BE53CC600FA5D15 /* Assets.xcassets in Resources */ = {isa = PBXBuildFile; fileRef = 6BF1E30C1BE53CC600FA5D15 /* Assets.xcassets */; };
		6BF1E3101BE53CC600FA5D15 /* LaunchScreen.storyboard in Resources */ = {isa = PBXBuildFile; fileRef = 6BF1E30E1BE53CC600FA5D15 /* LaunchScreen.storyboard */; };
		6BF1E31F1BE53E3B00FA5D15 /* ObservationTracker.xcdatamodeld in Sources */ = {isa = PBXBuildFile; fileRef = 6BF1E31D1BE53E3B00FA5D15 /* ObservationTracker.xcdatamodeld */; };
		6BF1E3221BE544D600FA5D15 /* OTNetworkInterface.swift in Sources */ = {isa = PBXBuildFile; fileRef = 6BF1E3211BE544D600FA5D15 /* OTNetworkInterface.swift */; };
		6BF44D251BF8C3A60030FE32 /* OTWelcomeViewController.swift in Sources */ = {isa = PBXBuildFile; fileRef = 6BF44D241BF8C3A60030FE32 /* OTWelcomeViewController.swift */; };
/* End PBXBuildFile section */

/* Begin PBXFileReference section */
		6B1550F51BF5EF9E00CF50FB /* OTUserManager.swift */ = {isa = PBXFileReference; fileEncoding = 4; lastKnownFileType = sourcecode.swift; path = OTUserManager.swift; sourceTree = "<group>"; };
		6B1550F71BF5F1B700CF50FB /* OTUser.swift */ = {isa = PBXFileReference; fileEncoding = 4; lastKnownFileType = sourcecode.swift; path = OTUser.swift; sourceTree = "<group>"; };
		6B1DE6E01BE65FF1000ED18F /* OTMakeObservationViewController.swift */ = {isa = PBXFileReference; fileEncoding = 4; lastKnownFileType = sourcecode.swift; path = OTMakeObservationViewController.swift; sourceTree = "<group>"; };
		6B1DE6E51BE66018000ED18F /* OTSignUpViewController.swift */ = {isa = PBXFileReference; fileEncoding = 4; lastKnownFileType = sourcecode.swift; path = OTSignUpViewController.swift; sourceTree = "<group>"; };
		6BA90A531BE68D0F001D8125 /* OTMakeObservationFormTableViewController.swift */ = {isa = PBXFileReference; fileEncoding = 4; lastKnownFileType = sourcecode.swift; path = OTMakeObservationFormTableViewController.swift; sourceTree = "<group>"; };
		6BD85CA41BE5477800C26C9F /* MapKit.framework */ = {isa = PBXFileReference; lastKnownFileType = wrapper.framework; name = MapKit.framework; path = System/Library/Frameworks/MapKit.framework; sourceTree = SDKROOT; };
		6BD85CAA1BE54BDB00C26C9F /* OTViewObservationViewController.swift */ = {isa = PBXFileReference; fileEncoding = 4; lastKnownFileType = sourcecode.swift; path = OTViewObservationViewController.swift; sourceTree = "<group>"; };
		6BD85CAC1BE54BF400C26C9F /* OTViewObservationsTableViewController.swift */ = {isa = PBXFileReference; fileEncoding = 4; lastKnownFileType = sourcecode.swift; path = OTViewObservationsTableViewController.swift; sourceTree = "<group>"; };
		6BD85CAE1BE54C0700C26C9F /* OTViewObservationMapViewController.swift */ = {isa = PBXFileReference; fileEncoding = 4; lastKnownFileType = sourcecode.swift; path = OTViewObservationMapViewController.swift; sourceTree = "<group>"; };
		6BD85CB01BE54C3800C26C9F /* OTRefineSearchViewController.swift */ = {isa = PBXFileReference; fileEncoding = 4; lastKnownFileType = sourcecode.swift; path = OTRefineSearchViewController.swift; sourceTree = "<group>"; };
		6BF1E2FF1BE53CC600FA5D15 /* ObservationTracker.app */ = {isa = PBXFileReference; explicitFileType = wrapper.application; includeInIndex = 0; path = ObservationTracker.app; sourceTree = BUILT_PRODUCTS_DIR; };
		6BF1E3021BE53CC600FA5D15 /* AppDelegate.swift */ = {isa = PBXFileReference; lastKnownFileType = sourcecode.swift; path = AppDelegate.swift; sourceTree = "<group>"; };
		6BF1E3071BE53CC600FA5D15 /* Base */ = {isa = PBXFileReference; lastKnownFileType = file.storyboard; name = Base; path = Base.lproj/Main.storyboard; sourceTree = "<group>"; };
		6BF1E30C1BE53CC600FA5D15 /* Assets.xcassets */ = {isa = PBXFileReference; lastKnownFileType = folder.assetcatalog; path = Assets.xcassets; sourceTree = "<group>"; };
		6BF1E30F1BE53CC600FA5D15 /* Base */ = {isa = PBXFileReference; lastKnownFileType = file.storyboard; name = Base; path = Base.lproj/LaunchScreen.storyboard; sourceTree = "<group>"; };
		6BF1E3111BE53CC600FA5D15 /* Info.plist */ = {isa = PBXFileReference; lastKnownFileType = text.plist.xml; path = Info.plist; sourceTree = "<group>"; };
		6BF1E31E1BE53E3B00FA5D15 /* ObservationTracker.xcdatamodel */ = {isa = PBXFileReference; lastKnownFileType = wrapper.xcdatamodel; path = ObservationTracker.xcdatamodel; sourceTree = "<group>"; };
		6BF1E3211BE544D600FA5D15 /* OTNetworkInterface.swift */ = {isa = PBXFileReference; fileEncoding = 4; lastKnownFileType = sourcecode.swift; path = OTNetworkInterface.swift; sourceTree = "<group>"; };
		6BF44D241BF8C3A60030FE32 /* OTWelcomeViewController.swift */ = {isa = PBXFileReference; fileEncoding = 4; lastKnownFileType = sourcecode.swift; path = OTWelcomeViewController.swift; sourceTree = "<group>"; };
/* End PBXFileReference section */

/* Begin PBXFrameworksBuildPhase section */
		6BF1E2FC1BE53CC600FA5D15 /* Frameworks */ = {
			isa = PBXFrameworksBuildPhase;
			buildActionMask = 2147483647;
			files = (
				6BD85CA51BE5477800C26C9F /* MapKit.framework in Frameworks */,
			);
			runOnlyForDeploymentPostprocessing = 0;
		};
/* End PBXFrameworksBuildPhase section */

/* Begin PBXGroup section */
		6B1DE6E21BE65FF7000ED18F /* Sign Up */ = {
			isa = PBXGroup;
			children = (
				6BF44D241BF8C3A60030FE32 /* OTWelcomeViewController.swift */,
				6B1DE6E51BE66018000ED18F /* OTSignUpViewController.swift */,
			);
			path = "Sign Up";
			sourceTree = "<group>";
		};
		6BD85CA61BE54BA300C26C9F /* View Observations */ = {
			isa = PBXGroup;
			children = (
				6BD85CAA1BE54BDB00C26C9F /* OTViewObservationViewController.swift */,
				6BD85CAC1BE54BF400C26C9F /* OTViewObservationsTableViewController.swift */,
				6BD85CAE1BE54C0700C26C9F /* OTViewObservationMapViewController.swift */,
				6BD85CB01BE54C3800C26C9F /* OTRefineSearchViewController.swift */,
			);
			path = "View Observations";
			sourceTree = "<group>";
		};
		6BD85CA71BE54BAB00C26C9F /* Make Observation */ = {
			isa = PBXGroup;
			children = (
				6B1DE6E01BE65FF1000ED18F /* OTMakeObservationViewController.swift */,
				6BA90A531BE68D0F001D8125 /* OTMakeObservationFormTableViewController.swift */,
			);
			path = "Make Observation";
			sourceTree = "<group>";
		};
		6BF1E2F61BE53CC600FA5D15 = {
			isa = PBXGroup;
			children = (
				6BF1E3011BE53CC600FA5D15 /* ObservationTracker */,
				6BF1E3001BE53CC600FA5D15 /* Products */,
			);
			sourceTree = "<group>";
		};
		6BF1E3001BE53CC600FA5D15 /* Products */ = {
			isa = PBXGroup;
			children = (
				6BF1E2FF1BE53CC600FA5D15 /* ObservationTracker.app */,
			);
			name = Products;
			sourceTree = "<group>";
		};
		6BF1E3011BE53CC600FA5D15 /* ObservationTracker */ = {
			isa = PBXGroup;
			children = (
				6BF1E3171BE53D2500FA5D15 /* Controllers */,
				6BF1E3181BE53D2D00FA5D15 /* Views */,
				6BF1E3191BE53D3100FA5D15 /* Models */,
				6BF1E3201BE544C000FA5D15 /* Utils */,
				6BF1E31A1BE53D3700FA5D15 /* Resources */,
				6BF1E31B1BE53D4300FA5D15 /* Supporting Files */,
			);
			path = ObservationTracker;
			sourceTree = "<group>";
		};
		6BF1E3171BE53D2500FA5D15 /* Controllers */ = {
			isa = PBXGroup;
			children = (
				6B1DE6E21BE65FF7000ED18F /* Sign Up */,
				6BD85CA71BE54BAB00C26C9F /* Make Observation */,
				6BD85CA61BE54BA300C26C9F /* View Observations */,
				6BF1E31C1BE53D5E00FA5D15 /* Base.iproj */,
				6BF1E3061BE53CC600FA5D15 /* Main.storyboard */,
				6BF1E30E1BE53CC600FA5D15 /* LaunchScreen.storyboard */,
			);
			path = Controllers;
			sourceTree = "<group>";
		};
		6BF1E3181BE53D2D00FA5D15 /* Views */ = {
			isa = PBXGroup;
			children = (
			);
			path = Views;
			sourceTree = "<group>";
		};
		6BF1E3191BE53D3100FA5D15 /* Models */ = {
			isa = PBXGroup;
			children = (
				6BF1E31D1BE53E3B00FA5D15 /* ObservationTracker.xcdatamodeld */,
				6B1550F71BF5F1B700CF50FB /* OTUser.swift */,
			);
			path = Models;
			sourceTree = "<group>";
		};
		6BF1E31A1BE53D3700FA5D15 /* Resources */ = {
			isa = PBXGroup;
			children = (
				6BD85CA41BE5477800C26C9F /* MapKit.framework */,
				6BF1E30C1BE53CC600FA5D15 /* Assets.xcassets */,
			);
			path = Resources;
			sourceTree = "<group>";
		};
		6BF1E31B1BE53D4300FA5D15 /* Supporting Files */ = {
			isa = PBXGroup;
			children = (
				6BF1E3111BE53CC600FA5D15 /* Info.plist */,
				6BF1E3021BE53CC600FA5D15 /* AppDelegate.swift */,
			);
			path = "Supporting Files";
			sourceTree = "<group>";
		};
		6BF1E31C1BE53D5E00FA5D15 /* Base.iproj */ = {
			isa = PBXGroup;
			children = (
			);
			name = Base.iproj;
			path = Base.lproj;
			sourceTree = "<group>";
		};
		6BF1E3201BE544C000FA5D15 /* Utils */ = {
			isa = PBXGroup;
			children = (
				6B1550F51BF5EF9E00CF50FB /* OTUserManager.swift */,
				6BF1E3211BE544D600FA5D15 /* OTNetworkInterface.swift */,
			);
			path = Utils;
			sourceTree = "<group>";
		};
/* End PBXGroup section */

/* Begin PBXNativeTarget section */
		6BF1E2FE1BE53CC600FA5D15 /* ObservationTracker */ = {
			isa = PBXNativeTarget;
			buildConfigurationList = 6BF1E3141BE53CC600FA5D15 /* Build configuration list for PBXNativeTarget "ObservationTracker" */;
			buildPhases = (
				6BF1E2FB1BE53CC600FA5D15 /* Sources */,
				6BF1E2FC1BE53CC600FA5D15 /* Frameworks */,
				6BF1E2FD1BE53CC600FA5D15 /* Resources */,
			);
			buildRules = (
			);
			dependencies = (
			);
			name = ObservationTracker;
			productName = ObservationTracker;
			productReference = 6BF1E2FF1BE53CC600FA5D15 /* ObservationTracker.app */;
			productType = "com.apple.product-type.application";
		};
/* End PBXNativeTarget section */

/* Begin PBXProject section */
		6BF1E2F71BE53CC600FA5D15 /* Project object */ = {
			isa = PBXProject;
			attributes = {
				CLASSPREFIX = OT;
				LastSwiftUpdateCheck = 0710;
				LastUpgradeCheck = 0710;
				ORGANIZATIONNAME = OliverPoole;
				TargetAttributes = {
					6BF1E2FE1BE53CC600FA5D15 = {
						CreatedOnToolsVersion = 7.1;
					};
				};
			};
			buildConfigurationList = 6BF1E2FA1BE53CC600FA5D15 /* Build configuration list for PBXProject "ObservationTracker" */;
			compatibilityVersion = "Xcode 3.2";
			developmentRegion = English;
			hasScannedForEncodings = 0;
			knownRegions = (
				en,
				Base,
			);
			mainGroup = 6BF1E2F61BE53CC600FA5D15;
			productRefGroup = 6BF1E3001BE53CC600FA5D15 /* Products */;
			projectDirPath = "";
			projectRoot = "";
			targets = (
				6BF1E2FE1BE53CC600FA5D15 /* ObservationTracker */,
			);
		};
/* End PBXProject section */

/* Begin PBXResourcesBuildPhase section */
		6BF1E2FD1BE53CC600FA5D15 /* Resources */ = {
			isa = PBXResourcesBuildPhase;
			buildActionMask = 2147483647;
			files = (
				6BF1E3101BE53CC600FA5D15 /* LaunchScreen.storyboard in Resources */,
				6BF1E30D1BE53CC600FA5D15 /* Assets.xcassets in Resources */,
				6BF1E3081BE53CC600FA5D15 /* Main.storyboard in Resources */,
			);
			runOnlyForDeploymentPostprocessing = 0;
		};
/* End PBXResourcesBuildPhase section */

/* Begin PBXSourcesBuildPhase section */
		6BF1E2FB1BE53CC600FA5D15 /* Sources */ = {
			isa = PBXSourcesBuildPhase;
			buildActionMask = 2147483647;
			files = (
				6BF1E3031BE53CC600FA5D15 /* AppDelegate.swift in Sources */,
				6BD85CAB1BE54BDB00C26C9F /* OTViewObservationViewController.swift in Sources */,
				6BD85CAD1BE54BF400C26C9F /* OTViewObservationsTableViewController.swift in Sources */,
				6BF1E31F1BE53E3B00FA5D15 /* ObservationTracker.xcdatamodeld in Sources */,
				6B1DE6E11BE65FF1000ED18F /* OTMakeObservationViewController.swift in Sources */,
				6BA90A541BE68D0F001D8125 /* OTMakeObservationFormTableViewController.swift in Sources */,
				6BD85CB11BE54C3800C26C9F /* OTRefineSearchViewController.swift in Sources */,
				6BD85CAF1BE54C0700C26C9F /* OTViewObservationMapViewController.swift in Sources */,
				6BF1E3221BE544D600FA5D15 /* OTNetworkInterface.swift in Sources */,
				6B1550F81BF5F1B700CF50FB /* OTUser.swift in Sources */,
				6BF44D251BF8C3A60030FE32 /* OTWelcomeViewController.swift in Sources */,
				6B1550F61BF5EF9E00CF50FB /* OTUserManager.swift in Sources */,
				6B1DE6E61BE66018000ED18F /* OTSignUpViewController.swift in Sources */,
			);
			runOnlyForDeploymentPostprocessing = 0;
		};
/* End PBXSourcesBuildPhase section */

/* Begin PBXVariantGroup section */
		6BF1E3061BE53CC600FA5D15 /* Main.storyboard */ = {
			isa = PBXVariantGroup;
			children = (
				6BF1E3071BE53CC600FA5D15 /* Base */,
			);
			name = Main.storyboard;
			sourceTree = "<group>";
		};
		6BF1E30E1BE53CC600FA5D15 /* LaunchScreen.storyboard */ = {
			isa = PBXVariantGroup;
			children = (
				6BF1E30F1BE53CC600FA5D15 /* Base */,
			);
			name = LaunchScreen.storyboard;
			sourceTree = "<group>";
		};
/* End PBXVariantGroup section */

/* Begin XCBuildConfiguration section */
		6BF1E3121BE53CC600FA5D15 /* Debug */ = {
			isa = XCBuildConfiguration;
			buildSettings = {
				ALWAYS_SEARCH_USER_PATHS = NO;
				CLANG_CXX_LANGUAGE_STANDARD = "gnu++0x";
				CLANG_CXX_LIBRARY = "libc++";
				CLANG_ENABLE_MODULES = YES;
				CLANG_ENABLE_OBJC_ARC = YES;
				CLANG_WARN_BOOL_CONVERSION = YES;
				CLANG_WARN_CONSTANT_CONVERSION = YES;
				CLANG_WARN_DIRECT_OBJC_ISA_USAGE = YES_ERROR;
				CLANG_WARN_EMPTY_BODY = YES;
				CLANG_WARN_ENUM_CONVERSION = YES;
				CLANG_WARN_INT_CONVERSION = YES;
				CLANG_WARN_OBJC_ROOT_CLASS = YES_ERROR;
				CLANG_WARN_UNREACHABLE_CODE = YES;
				CLANG_WARN__DUPLICATE_METHOD_MATCH = YES;
				"CODE_SIGN_IDENTITY[sdk=iphoneos*]" = "iPhone Developer";
				COPY_PHASE_STRIP = NO;
				DEBUG_INFORMATION_FORMAT = dwarf;
				ENABLE_STRICT_OBJC_MSGSEND = YES;
				ENABLE_TESTABILITY = YES;
				GCC_C_LANGUAGE_STANDARD = gnu99;
				GCC_DYNAMIC_NO_PIC = NO;
				GCC_NO_COMMON_BLOCKS = YES;
				GCC_OPTIMIZATION_LEVEL = 0;
				GCC_PREPROCESSOR_DEFINITIONS = (
					"DEBUG=1",
					"$(inherited)",
				);
				GCC_WARN_64_TO_32_BIT_CONVERSION = YES;
				GCC_WARN_ABOUT_RETURN_TYPE = YES_ERROR;
				GCC_WARN_UNDECLARED_SELECTOR = YES;
				GCC_WARN_UNINITIALIZED_AUTOS = YES_AGGRESSIVE;
				GCC_WARN_UNUSED_FUNCTION = YES;
				GCC_WARN_UNUSED_VARIABLE = YES;
				IPHONEOS_DEPLOYMENT_TARGET = 9.1;
				MTL_ENABLE_DEBUG_INFO = YES;
				ONLY_ACTIVE_ARCH = YES;
				SDKROOT = iphoneos;
				SWIFT_OPTIMIZATION_LEVEL = "-Onone";
				TARGETED_DEVICE_FAMILY = "1,2";
			};
			name = Debug;
		};
		6BF1E3131BE53CC600FA5D15 /* Release */ = {
			isa = XCBuildConfiguration;
			buildSettings = {
				ALWAYS_SEARCH_USER_PATHS = NO;
				CLANG_CXX_LANGUAGE_STANDARD = "gnu++0x";
				CLANG_CXX_LIBRARY = "libc++";
				CLANG_ENABLE_MODULES = YES;
				CLANG_ENABLE_OBJC_ARC = YES;
				CLANG_WARN_BOOL_CONVERSION = YES;
				CLANG_WARN_CONSTANT_CONVERSION = YES;
				CLANG_WARN_DIRECT_OBJC_ISA_USAGE = YES_ERROR;
				CLANG_WARN_EMPTY_BODY = YES;
				CLANG_WARN_ENUM_CONVERSION = YES;
				CLANG_WARN_INT_CONVERSION = YES;
				CLANG_WARN_OBJC_ROOT_CLASS = YES_ERROR;
				CLANG_WARN_UNREACHABLE_CODE = YES;
				CLANG_WARN__DUPLICATE_METHOD_MATCH = YES;
				"CODE_SIGN_IDENTITY[sdk=iphoneos*]" = "iPhone Developer";
				COPY_PHASE_STRIP = NO;
				DEBUG_INFORMATION_FORMAT = "dwarf-with-dsym";
				ENABLE_NS_ASSERTIONS = NO;
				ENABLE_STRICT_OBJC_MSGSEND = YES;
				GCC_C_LANGUAGE_STANDARD = gnu99;
				GCC_NO_COMMON_BLOCKS = YES;
				GCC_WARN_64_TO_32_BIT_CONVERSION = YES;
				GCC_WARN_ABOUT_RETURN_TYPE = YES_ERROR;
				GCC_WARN_UNDECLARED_SELECTOR = YES;
				GCC_WARN_UNINITIALIZED_AUTOS = YES_AGGRESSIVE;
				GCC_WARN_UNUSED_FUNCTION = YES;
				GCC_WARN_UNUSED_VARIABLE = YES;
				IPHONEOS_DEPLOYMENT_TARGET = 9.1;
				MTL_ENABLE_DEBUG_INFO = NO;
				SDKROOT = iphoneos;
				TARGETED_DEVICE_FAMILY = "1,2";
				VALIDATE_PRODUCT = YES;
			};
			name = Release;
		};
		6BF1E3151BE53CC600FA5D15 /* Debug */ = {
			isa = XCBuildConfiguration;
			buildSettings = {
				ASSETCATALOG_COMPILER_APPICON_NAME = AppIcon;
				INFOPLIST_FILE = "$(SRCROOT)/ObservationTracker/Supporting Files/Info.plist";
				IPHONEOS_DEPLOYMENT_TARGET = 8.0;
				LD_RUNPATH_SEARCH_PATHS = "$(inherited) @executable_path/Frameworks";
				PRODUCT_BUNDLE_IDENTIFIER = com.OliverPoole.ObservationTracker;
				PRODUCT_NAME = "$(TARGET_NAME)";
			};
			name = Debug;
		};
		6BF1E3161BE53CC600FA5D15 /* Release */ = {
			isa = XCBuildConfiguration;
			buildSettings = {
				ASSETCATALOG_COMPILER_APPICON_NAME = AppIcon;
				INFOPLIST_FILE = "$(SRCROOT)/ObservationTracker/Supporting Files/Info.plist";
				IPHONEOS_DEPLOYMENT_TARGET = 8.0;
				LD_RUNPATH_SEARCH_PATHS = "$(inherited) @executable_path/Frameworks";
				PRODUCT_BUNDLE_IDENTIFIER = com.OliverPoole.ObservationTracker;
				PRODUCT_NAME = "$(TARGET_NAME)";
			};
			name = Release;
		};
/* End XCBuildConfiguration section */

/* Begin XCConfigurationList section */
		6BF1E2FA1BE53CC600FA5D15 /* Build configuration list for PBXProject "ObservationTracker" */ = {
			isa = XCConfigurationList;
			buildConfigurations = (
				6BF1E3121BE53CC600FA5D15 /* Debug */,
				6BF1E3131BE53CC600FA5D15 /* Release */,
			);
			defaultConfigurationIsVisible = 0;
			defaultConfigurationName = Release;
		};
		6BF1E3141BE53CC600FA5D15 /* Build configuration list for PBXNativeTarget "ObservationTracker" */ = {
			isa = XCConfigurationList;
			buildConfigurations = (
				6BF1E3151BE53CC600FA5D15 /* Debug */,
				6BF1E3161BE53CC600FA5D15 /* Release */,
			);
			defaultConfigurationIsVisible = 0;
			defaultConfigurationName = Release;
		};
/* End XCConfigurationList section */

/* Begin XCVersionGroup section */
		6BF1E31D1BE53E3B00FA5D15 /* ObservationTracker.xcdatamodeld */ = {
			isa = XCVersionGroup;
			children = (
				6BF1E31E1BE53E3B00FA5D15 /* ObservationTracker.xcdatamodel */,
			);
			currentVersion = 6BF1E31E1BE53E3B00FA5D15 /* ObservationTracker.xcdatamodel */;
			path = ObservationTracker.xcdatamodeld;
			sourceTree = "<group>";
			versionGroupType = wrapper.xcdatamodel;
		};
/* End XCVersionGroup section */
	};
	rootObject = 6BF1E2F71BE53CC600FA5D15 /* Project object */;
}
